
Microsoft Visual Studio Solution File, Format Version 12.00
# Visual Studio Version 16
VisualStudioVersion = 16.0.31605.320
MinimumVisualStudioVersion = 10.0.40219.1
Project("{8BC9CEB8-8B4A-11D0-8D11-00A0C91BC942}") = "CodeGround_C", "CodeGround_C\CodeGround_C.vcxproj", "{177904CA-6439-463D-AB64-0D9783FAA500}"
EndProject
Project("{8BC9CEB8-8B4A-11D0-8D11-00A0C91BC942}") = "List", "List\List.vcxproj", "{18E9F841-ADD1-4AE7-A47A-4E5E21A56DAB}"
EndProject
Project("{8BC9CEB8-8B4A-11D0-8D11-00A0C91BC942}") = "Queue", "Queue\Queue.vcxproj", "{9433DFAF-E3B7-42EC-A05F-4E8D72047AC5}"
EndProject
Global
	GlobalSection(SolutionConfigurationPlatforms) = preSolution
		Debug|x64 = Debug|x64
		Debug|x86 = Debug|x86
		Release|x64 = Release|x64
		Release|x86 = Release|x86
	EndGlobalSection
	GlobalSection(ProjectConfigurationPlatforms) = postSolution
		{177904CA-6439-463D-AB64-0D9783FAA500}.Debug|x64.ActiveCfg = Debug|x64
		{177904CA-6439-463D-AB64-0D9783FAA500}.Debug|x64.Build.0 = Debug|x64
		{177904CA-6439-463D-AB64-0D9783FAA500}.Debug|x86.ActiveCfg = Debug|Win32
		{177904CA-6439-463D-AB64-0D9783FAA500}.Debug|x86.Build.0 = Debug|Win32
		{177904CA-6439-463D-AB64-0D9783FAA500}.Release|x64.ActiveCfg = Release|x64
		{177904CA-6439-463D-AB64-0D9783FAA500}.Release|x64.Build.0 = Release|x64
		{177904CA-6439-463D-AB64-0D9783FAA500}.Release|x86.ActiveCfg = Release|Win32
		{177904CA-6439-463D-AB64-0D9783FAA500}.Release|x86.Build.0 = Release|Win32
		{18E9F841-ADD1-4AE7-A47A-4E5E21A56DAB}.Debug|x64.ActiveCfg = Debug|x64
		{18E9F841-ADD1-4AE7-A47A-4E5E21A56DAB}.Debug|x64.Build.0 = Debug|x64
		{18E9F841-ADD1-4AE7-A47A-4E5E21A56DAB}.Debug|x86.ActiveCfg = Debug|Win32
		{18E9F841-ADD1-4AE7-A47A-4E5E21A56DAB}.Debug|x86.Build.0 = Debug|Win32
		{18E9F841-ADD1-4AE7-A47A-4E5E21A56DAB}.Release|x64.ActiveCfg = Release|x64
		{18E9F841-ADD1-4AE7-A47A-4E5E21A56DAB}.Release|x64.Build.0 = Release|x64
		{18E9F841-ADD1-4AE7-A47A-4E5E21A56DAB}.Release|x86.ActiveCfg = Release|Win32
		{18E9F841-ADD1-4AE7-A47A-4E5E21A56DAB}.Release|x86.Build.0 = Release|Win32
		{9433DFAF-E3B7-42EC-A05F-4E8D72047AC5}.Debug|x64.ActiveCfg = Debug|x64
		{9433DFAF-E3B7-42EC-A05F-4E8D72047AC5}.Debug|x64.Build.0 = Debug|x64
		{9433DFAF-E3B7-42EC-A05F-4E8D72047AC5}.Debug|x86.ActiveCfg = Debug|Win32
		{9433DFAF-E3B7-42EC-A05F-4E8D72047AC5}.Debug|x86.Build.0 = Debug|Win32
		{9433DFAF-E3B7-42EC-A05F-4E8D72047AC5}.Release|x64.ActiveCfg = Release|x64
		{9433DFAF-E3B7-42EC-A05F-4E8D72047AC5}.Release|x64.Build.0 = Release|x64
		{9433DFAF-E3B7-42EC-A05F-4E8D72047AC5}.Release|x86.ActiveCfg = Release|Win32
		{9433DFAF-E3B7-42EC-A05F-4E8D72047AC5}.Release|x86.Build.0 = Release|Win32
	EndGlobalSection
	GlobalSection(SolutionProperties) = preSolution
		HideSolutionNode = FALSE
	EndGlobalSection
	GlobalSection(ExtensibilityGlobals) = postSolution
		SolutionGuid = {A01AA6CF-799D-4F85-9EC9-C4AF361474C8}
	EndGlobalSection
EndGlobal
